
Microsoft Visual Studio Solution File, Format Version 12.00
# Visual Studio Version 17
VisualStudioVersion = 17.7.34031.279
MinimumVisualStudioVersion = 10.0.40219.1
Project("{9A19103F-16F7-4668-BE54-9A1E7A4F7556}") = "HierarchyAPI", "HierarchyAPI\HierarchyAPI.csproj", "{40CD4C23-0CCB-4E62-8CCB-B6360EF1D938}"
EndProject
Project("{FAE04EC0-301F-11D3-BF4B-00C04F79EFBC}") = "HierarchyAPI.Test", "HierarchyAPI.Test\HierarchyAPI.Test.csproj", "{8D538605-C68E-4E72-8CFB-0CAB1172B365}"
EndProject
Global
	GlobalSection(SolutionConfigurationPlatforms) = preSolution
		Debug|Any CPU = Debug|Any CPU
		Release|Any CPU = Release|Any CPU
	EndGlobalSection
	GlobalSection(ProjectConfigurationPlatforms) = postSolution
		{40CD4C23-0CCB-4E62-8CCB-B6360EF1D938}.Debug|Any CPU.ActiveCfg = Debug|Any CPU
		{40CD4C23-0CCB-4E62-8CCB-B6360EF1D938}.Debug|Any CPU.Build.0 = Debug|Any CPU
		{40CD4C23-0CCB-4E62-8CCB-B6360EF1D938}.Release|Any CPU.ActiveCfg = Release|Any CPU
		{40CD4C23-0CCB-4E62-8CCB-B6360EF1D938}.Release|Any CPU.Build.0 = Release|Any CPU
		{8D538605-C68E-4E72-8CFB-0CAB1172B365}.Debug|Any CPU.ActiveCfg = Debug|Any CPU
		{8D538605-C68E-4E72-8CFB-0CAB1172B365}.Debug|Any CPU.Build.0 = Debug|Any CPU
		{8D538605-C68E-4E72-8CFB-0CAB1172B365}.Release|Any CPU.ActiveCfg = Release|Any CPU
		{8D538605-C68E-4E72-8CFB-0CAB1172B365}.Release|Any CPU.Build.0 = Release|Any CPU
	EndGlobalSection
	GlobalSection(SolutionProperties) = preSolution
		HideSolutionNode = FALSE
	EndGlobalSection
	GlobalSection(ExtensibilityGlobals) = postSolution
		SolutionGuid = {8F6C08E1-0AAD-4445-9C31-1BAC8BD67AB2}
	EndGlobalSection
EndGlobal
